<?xml version="1.0" encoding="utf-8"?>
<Project ToolsVersion="4.0" xmlns="http://schemas.microsoft.com/developer/msbuild/2003">
  <ItemGroup>
    <ClCompile Include="src\01_HASH\1_1.cpp" />
    <ClCompile Include="src\AutoInput.h" />
    <ClCompile Include="src\main.cpp" />
    <ClCompile Include="src\01_HASH\Problems1.cpp" />
    <ClCompile Include="src\01_HASH\1_2.cpp" />
    <ClCompile Include="src\01_HASH\1_3.cpp" />
    <ClCompile Include="src\01_HASH\1_4.cpp" />
    <ClCompile Include="src\02_STACKQUEUE\Problems2.cpp" />
    <ClCompile Include="src\02_STACKQUEUE\2_1.cpp" />
    <ClCompile Include="src\02_STACKQUEUE\2_2.cpp" />
  </ItemGroup>
  <ItemGroup>
    <ClInclude Include="src\01_HASH\Problems1.h" />
    <ClInclude Include="src\02_STACKQUEUE\Problems2.h" />
  </ItemGroup>
</Project>