<?xml version="1.0" encoding="utf-8"?>
<Project ToolsVersion="4.0" xmlns="http://schemas.microsoft.com/developer/msbuild/2003">
  <ItemGroup>
    <ClCompile Include="src\01_HASH\1_1.cpp" />
    <ClCompile Include="src\AutoInput.h" />
    <ClCompile Include="src\main.cpp" />
    <ClCompile Include="src\01_HASH\Problems1.cpp" />
    <ClCompile Include="src\01_HASH\1_2.cpp" />
    <ClCompile Include="src\01_HASH\1_3.cpp" />
    <ClCompile Include="src\01_HASH\1_4.cpp" />
    <ClCompile Include="src\02_STACKQUEUE\Problems2.cpp" />
    <ClCompile Include="src\02_STACKQUEUE\2_1.cpp" />
    <ClCompile Include="src\02_STACKQUEUE\2_2.cpp" />
    <ClCompile Include="src\02_STACKQUEUE\2_3.cpp" />
    <ClCompile Include="src\02_STACKQUEUE\2_4.cpp" />
    <ClCompile Include="src\03_HEAP\Problems3.cpp" />
    <ClCompile Include="src\03_HEAP\3_1.cpp" />
    <ClCompile Include="src\03_HEAP\3_2.cpp" />
    <ClCompile Include="src\03_HEAP\3_3.cpp" />
    <ClCompile Include="src\04_SORT\Problems4.cpp" />
    <ClCompile Include="src\04_SORT\4_1.cpp" />
    <ClCompile Include="src\04_SORT\4_2.cpp" />
    <ClCompile Include="src\04_SORT\4_3.cpp" />
    <ClCompile Include="src\05_BRUTEFORCE\Problems5.cpp" />
    <ClCompile Include="src\05_BRUTEFORCE\5_1.cpp" />
    <ClCompile Include="src\05_BRUTEFORCE\5_2.cpp" />
    <ClCompile Include="src\05_BRUTEFORCE\5_3.cpp" />
    <ClCompile Include="src\06_GREEDY\Problems6.cpp" />
    <ClCompile Include="src\06_GREEDY\6_1.cpp" />
    <ClCompile Include="src\06_GREEDY\6_2.cpp" />
    <ClCompile Include="src\06_GREEDY\6_3.cpp" />
    <ClCompile Include="src\06_GREEDY\6_4.cpp" />
    <ClCompile Include="src\06_GREEDY\6_5.cpp" />
    <ClCompile Include="src\06_GREEDY\6_6.cpp" />
    <ClCompile Include="src\07_DP\Problems7.cpp" />
    <ClCompile Include="src\07_DP\7_1.cpp" />
    <ClCompile Include="src\07_DP\7_2.cpp" />
    <ClCompile Include="src\07_DP\7_3.cpp" />
    <ClCompile Include="src\07_DP\7_4.cpp" />
  </ItemGroup>
  <ItemGroup>
    <ClInclude Include="src\01_HASH\Problems1.h" />
    <ClInclude Include="src\02_STACKQUEUE\Problems2.h" />
    <ClInclude Include="src\03_HEAP\Problems3.h" />
    <ClInclude Include="src\04_SORT\Problems4.h" />
    <ClInclude Include="src\05_BRUTEFORCE\Problems5.h" />
    <ClInclude Include="src\06_GREEDY\Problems6.h" />
    <ClInclude Include="src\07_DP\Problems7.h" />
  </ItemGroup>
</Project>