<?xml version="1.0" encoding="utf-8"?>
<Project ToolsVersion="4.0" xmlns="http://schemas.microsoft.com/developer/msbuild/2003">
  <ItemGroup>
    <Filter Include="소스 파일">
      <UniqueIdentifier>{4FC737F1-C7A5-4376-A066-2A32D752A2FF}</UniqueIdentifier>
      <Extensions>cpp;c;cc;cxx;c++;def;odl;idl;hpj;bat;asm;asmx</Extensions>
    </Filter>
    <Filter Include="헤더 파일">
      <UniqueIdentifier>{93995380-89BD-4b04-88EB-625FBE52EBFB}</UniqueIdentifier>
      <Extensions>h;hh;hpp;hxx;h++;hm;inl;inc;ipp;xsd</Extensions>
    </Filter>
    <Filter Include="리소스 파일">
      <UniqueIdentifier>{67DA6AB6-F800-4c08-8B7A-83BB121AAD01}</UniqueIdentifier>
      <Extensions>rc;ico;cur;bmp;dlg;rc2;rct;bin;rgs;gif;jpg;jpeg;jpe;resx;tiff;tif;png;wav;mfcribbon-ms</Extensions>
    </Filter>
  </ItemGroup>
  <ItemGroup>
    <ClCompile Include="src\main.cpp">
      <Filter>소스 파일</Filter>
    </ClCompile>
    <ClCompile Include="src\1-10\001.cpp">
      <Filter>소스 파일</Filter>
    </ClCompile>
    <ClCompile Include="src\1-10\002.cpp">
      <Filter>소스 파일</Filter>
    </ClCompile>
    <ClCompile Include="src\1-10\003.cpp">
      <Filter>소스 파일</Filter>
    </ClCompile>
    <ClCompile Include="src\1-10\004.cpp">
      <Filter>소스 파일</Filter>
    </ClCompile>
    <ClCompile Include="src\1-10\005.cpp">
      <Filter>소스 파일</Filter>
    </ClCompile>
    <ClCompile Include="src\1-10\006.cpp">
      <Filter>소스 파일</Filter>
    </ClCompile>
    <ClCompile Include="src\1-10\007.cpp">
      <Filter>소스 파일</Filter>
    </ClCompile>
    <ClCompile Include="src\1-10\008.cpp">
      <Filter>소스 파일</Filter>
    </ClCompile>
    <ClCompile Include="src\1-10\009.cpp">
      <Filter>소스 파일</Filter>
    </ClCompile>
    <ClCompile Include="src\1-10\010.cpp">
      <Filter>소스 파일</Filter>
    </ClCompile>
    <ClCompile Include="src\11-20\011.cpp">
      <Filter>소스 파일</Filter>
    </ClCompile>
    <ClCompile Include="src\11-20\012.cpp">
      <Filter>소스 파일</Filter>
    </ClCompile>
    <ClCompile Include="src\1-10\_1_10.cpp">
      <Filter>소스 파일</Filter>
    </ClCompile>
    <ClCompile Include="src\11-20\_11_20.cpp">
      <Filter>소스 파일</Filter>
    </ClCompile>
    <ClCompile Include="src\11-20\013.cpp">
      <Filter>소스 파일</Filter>
    </ClCompile>
    <ClCompile Include="src\11-20\014.cpp">
      <Filter>소스 파일</Filter>
    </ClCompile>
    <ClCompile Include="src\11-20\015.cpp">
      <Filter>소스 파일</Filter>
    </ClCompile>
    <ClCompile Include="src\11-20\016.cpp">
      <Filter>소스 파일</Filter>
    </ClCompile>
    <ClCompile Include="src\11-20\017.cpp">
      <Filter>소스 파일</Filter>
    </ClCompile>
    <ClCompile Include="src\11-20\018.cpp">
      <Filter>소스 파일</Filter>
    </ClCompile>
    <ClCompile Include="src\11-20\019.cpp">
      <Filter>소스 파일</Filter>
    </ClCompile>
    <ClCompile Include="src\11-20\020.cpp">
      <Filter>소스 파일</Filter>
    </ClCompile>
    <ClCompile Include="src\21-30\_21_30.cpp">
      <Filter>소스 파일</Filter>
    </ClCompile>
    <ClCompile Include="src\21-30\021.cpp">
      <Filter>소스 파일</Filter>
    </ClCompile>
    <ClCompile Include="src\21-30\022.cpp">
      <Filter>소스 파일</Filter>
    </ClCompile>
    <ClCompile Include="src\21-30\023.cpp">
      <Filter>소스 파일</Filter>
    </ClCompile>
    <ClCompile Include="src\21-30\024.cpp">
      <Filter>소스 파일</Filter>
    </ClCompile>
    <ClCompile Include="src\21-30\025.cpp">
      <Filter>소스 파일</Filter>
    </ClCompile>
    <ClCompile Include="src\21-30\026.cpp">
      <Filter>소스 파일</Filter>
    </ClCompile>
    <ClCompile Include="src\21-30\027.cpp">
      <Filter>소스 파일</Filter>
    </ClCompile>
    <ClCompile Include="src\21-30\028.cpp">
      <Filter>소스 파일</Filter>
    </ClCompile>
    <ClCompile Include="src\21-30\029.cpp">
      <Filter>소스 파일</Filter>
    </ClCompile>
    <ClCompile Include="src\21-30\030.cpp">
      <Filter>소스 파일</Filter>
    </ClCompile>
    <ClCompile Include="src\31-40\_31_40.cpp">
      <Filter>소스 파일</Filter>
    </ClCompile>
    <ClCompile Include="src\31-40\031.cpp">
      <Filter>소스 파일</Filter>
    </ClCompile>
    <ClCompile Include="src\31-40\032.cpp">
      <Filter>소스 파일</Filter>
    </ClCompile>
    <ClCompile Include="src\31-40\033.cpp">
      <Filter>소스 파일</Filter>
    </ClCompile>
    <ClCompile Include="src\31-40\034.cpp">
      <Filter>소스 파일</Filter>
    </ClCompile>
    <ClCompile Include="src\31-40\035.cpp">
      <Filter>소스 파일</Filter>
    </ClCompile>
    <ClCompile Include="src\31-40\036.cpp">
      <Filter>소스 파일</Filter>
    </ClCompile>
    <ClCompile Include="src\31-40\037.cpp">
      <Filter>소스 파일</Filter>
    </ClCompile>
    <ClCompile Include="src\31-40\038.cpp">
      <Filter>소스 파일</Filter>
    </ClCompile>
    <ClCompile Include="src\31-40\039.cpp">
      <Filter>소스 파일</Filter>
    </ClCompile>
  </ItemGroup>
  <ItemGroup>
    <ClInclude Include="src\AutoInput.h">
      <Filter>헤더 파일</Filter>
    </ClInclude>
    <ClInclude Include="src\Problems.h">
      <Filter>헤더 파일</Filter>
    </ClInclude>
    <ClInclude Include="src\1-10\_1_10.h">
      <Filter>헤더 파일</Filter>
    </ClInclude>
    <ClInclude Include="src\11-20\_11_20.h">
      <Filter>헤더 파일</Filter>
    </ClInclude>
    <ClInclude Include="src\21-30\_21_30.h">
      <Filter>헤더 파일</Filter>
    </ClInclude>
    <ClInclude Include="src\31-40\_31_40.h">
      <Filter>헤더 파일</Filter>
    </ClInclude>
  </ItemGroup>
</Project>